Microsoft Visual Studio Solution File, Format Version 12.00
# Visual Studio Version 17
VisualStudioVersion = 17.5.2.0
MinimumVisualStudioVersion = 10.0.40219.1
Project("{FAE04EC0-301F-11D3-BF4B-00C04F79EFBC}") = "Centroid-Acorn-GUI", "Centroid-Acorn-GUI.csproj", "{97DFF5DB-CA38-9670-7D63-20DE14403456}"
EndProject
Global
	GlobalSection(SolutionConfigurationPlatforms) = preSolution
		Debug|Any CPU = Debug|Any CPU
		Release|Any CPU = Release|Any CPU
	EndGlobalSection
	GlobalSection(ProjectConfigurationPlatforms) = postSolution
		{97DFF5DB-CA38-9670-7D63-20DE14403456}.Debug|Any CPU.ActiveCfg = Debug|Any CPU
		{97DFF5DB-CA38-9670-7D63-20DE14403456}.Debug|Any CPU.Build.0 = Debug|Any CPU
		{97DFF5DB-CA38-9670-7D63-20DE14403456}.Release|Any CPU.ActiveCfg = Release|Any CPU
		{97DFF5DB-CA38-9670-7D63-20DE14403456}.Release|Any CPU.Build.0 = Release|Any CPU
	EndGlobalSection
	GlobalSection(SolutionProperties) = preSolution
		HideSolutionNode = FALSE
	EndGlobalSection
	GlobalSection(ExtensibilityGlobals) = postSolution
		SolutionGuid = {A2E6E0CA-4E07-4CEB-AE31-69E9742A09B4}
	EndGlobalSection
EndGlobal
